
Microsoft Visual Studio Solution File, Format Version 12.00
# Visual Studio 15
VisualStudioVersion = 15.0.26124.0
MinimumVisualStudioVersion = 15.0.26124.0
Project("{2150E333-8FDC-42A3-9474-1A3956D46DE8}") = "src", "src", "{4727B367-E772-4A80-BFA6-1BFC04BA9CE7}"
EndProject
Project("{FAE04EC0-301F-11D3-BF4B-00C04F79EFBC}") = "HoT.Web", "src\HoT.Web\HoT.Web.csproj", "{EE92DE44-49BC-4680-8236-984FFD75B98F}"
EndProject
Project("{FAE04EC0-301F-11D3-BF4B-00C04F79EFBC}") = "HoT.Core", "src\HoT.Core\HoT.Core.csproj", "{291D1570-F84E-4FBB-B092-F7E22BF90222}"
EndProject
Project("{FAE04EC0-301F-11D3-BF4B-00C04F79EFBC}") = "HoT.Test", "src\HoT.Test\HoT.Test.csproj", "{D40BF20E-D9AC-44A8-AF50-2CBE8F3A20F9}"
EndProject
Global
	GlobalSection(SolutionConfigurationPlatforms) = preSolution
		Debug|Any CPU = Debug|Any CPU
		Debug|x64 = Debug|x64
		Debug|x86 = Debug|x86
		Release|Any CPU = Release|Any CPU
		Release|x64 = Release|x64
		Release|x86 = Release|x86
	EndGlobalSection
	GlobalSection(SolutionProperties) = preSolution
		HideSolutionNode = FALSE
	EndGlobalSection
	GlobalSection(ProjectConfigurationPlatforms) = postSolution
		{EE92DE44-49BC-4680-8236-984FFD75B98F}.Debug|Any CPU.ActiveCfg = Debug|Any CPU
		{EE92DE44-49BC-4680-8236-984FFD75B98F}.Debug|Any CPU.Build.0 = Debug|Any CPU
		{EE92DE44-49BC-4680-8236-984FFD75B98F}.Debug|x64.ActiveCfg = Debug|Any CPU
		{EE92DE44-49BC-4680-8236-984FFD75B98F}.Debug|x64.Build.0 = Debug|Any CPU
		{EE92DE44-49BC-4680-8236-984FFD75B98F}.Debug|x86.ActiveCfg = Debug|Any CPU
		{EE92DE44-49BC-4680-8236-984FFD75B98F}.Debug|x86.Build.0 = Debug|Any CPU
		{EE92DE44-49BC-4680-8236-984FFD75B98F}.Release|Any CPU.ActiveCfg = Release|Any CPU
		{EE92DE44-49BC-4680-8236-984FFD75B98F}.Release|Any CPU.Build.0 = Release|Any CPU
		{EE92DE44-49BC-4680-8236-984FFD75B98F}.Release|x64.ActiveCfg = Release|Any CPU
		{EE92DE44-49BC-4680-8236-984FFD75B98F}.Release|x64.Build.0 = Release|Any CPU
		{EE92DE44-49BC-4680-8236-984FFD75B98F}.Release|x86.ActiveCfg = Release|Any CPU
		{EE92DE44-49BC-4680-8236-984FFD75B98F}.Release|x86.Build.0 = Release|Any CPU
		{291D1570-F84E-4FBB-B092-F7E22BF90222}.Debug|Any CPU.ActiveCfg = Debug|Any CPU
		{291D1570-F84E-4FBB-B092-F7E22BF90222}.Debug|Any CPU.Build.0 = Debug|Any CPU
		{291D1570-F84E-4FBB-B092-F7E22BF90222}.Debug|x64.ActiveCfg = Debug|Any CPU
		{291D1570-F84E-4FBB-B092-F7E22BF90222}.Debug|x64.Build.0 = Debug|Any CPU
		{291D1570-F84E-4FBB-B092-F7E22BF90222}.Debug|x86.ActiveCfg = Debug|Any CPU
		{291D1570-F84E-4FBB-B092-F7E22BF90222}.Debug|x86.Build.0 = Debug|Any CPU
		{291D1570-F84E-4FBB-B092-F7E22BF90222}.Release|Any CPU.ActiveCfg = Release|Any CPU
		{291D1570-F84E-4FBB-B092-F7E22BF90222}.Release|Any CPU.Build.0 = Release|Any CPU
		{291D1570-F84E-4FBB-B092-F7E22BF90222}.Release|x64.ActiveCfg = Release|Any CPU
		{291D1570-F84E-4FBB-B092-F7E22BF90222}.Release|x64.Build.0 = Release|Any CPU
		{291D1570-F84E-4FBB-B092-F7E22BF90222}.Release|x86.ActiveCfg = Release|Any CPU
		{291D1570-F84E-4FBB-B092-F7E22BF90222}.Release|x86.Build.0 = Release|Any CPU
		{D40BF20E-D9AC-44A8-AF50-2CBE8F3A20F9}.Debug|Any CPU.ActiveCfg = Debug|Any CPU
		{D40BF20E-D9AC-44A8-AF50-2CBE8F3A20F9}.Debug|Any CPU.Build.0 = Debug|Any CPU
		{D40BF20E-D9AC-44A8-AF50-2CBE8F3A20F9}.Debug|x64.ActiveCfg = Debug|Any CPU
		{D40BF20E-D9AC-44A8-AF50-2CBE8F3A20F9}.Debug|x64.Build.0 = Debug|Any CPU
		{D40BF20E-D9AC-44A8-AF50-2CBE8F3A20F9}.Debug|x86.ActiveCfg = Debug|Any CPU
		{D40BF20E-D9AC-44A8-AF50-2CBE8F3A20F9}.Debug|x86.Build.0 = Debug|Any CPU
		{D40BF20E-D9AC-44A8-AF50-2CBE8F3A20F9}.Release|Any CPU.ActiveCfg = Release|Any CPU
		{D40BF20E-D9AC-44A8-AF50-2CBE8F3A20F9}.Release|Any CPU.Build.0 = Release|Any CPU
		{D40BF20E-D9AC-44A8-AF50-2CBE8F3A20F9}.Release|x64.ActiveCfg = Release|Any CPU
		{D40BF20E-D9AC-44A8-AF50-2CBE8F3A20F9}.Release|x64.Build.0 = Release|Any CPU
		{D40BF20E-D9AC-44A8-AF50-2CBE8F3A20F9}.Release|x86.ActiveCfg = Release|Any CPU
		{D40BF20E-D9AC-44A8-AF50-2CBE8F3A20F9}.Release|x86.Build.0 = Release|Any CPU
	EndGlobalSection
	GlobalSection(NestedProjects) = preSolution
		{EE92DE44-49BC-4680-8236-984FFD75B98F} = {4727B367-E772-4A80-BFA6-1BFC04BA9CE7}
		{291D1570-F84E-4FBB-B092-F7E22BF90222} = {4727B367-E772-4A80-BFA6-1BFC04BA9CE7}
		{D40BF20E-D9AC-44A8-AF50-2CBE8F3A20F9} = {4727B367-E772-4A80-BFA6-1BFC04BA9CE7}
	EndGlobalSection
EndGlobal
